// !$*UTF8*$!
{
	archiveVersion = 1;
	classes = {
	};
	objectVersion = 77;
	objects = {

/* Begin PBXBuildFile section */
		5BF74D8E2D4E03E000771333 /* ReminderViewModel.swift in Sources */ = {isa = PBXBuildFile; fileRef = 5BF74D822D4E03E000771333 /* ReminderViewModel.swift */; };
		5BF74D8F2D4E03E000771333 /* Reminders.xcdatamodeld in Sources */ = {isa = PBXBuildFile; fileRef = 5BF74D7A2D4E03E000771333 /* Reminders.xcdatamodeld */; };
		5BF74D902D4E03E000771333 /* Persistence.swift in Sources */ = {isa = PBXBuildFile; fileRef = 5BF74D792D4E03E000771333 /* Persistence.swift */; };
		5BF74D912D4E03E000771333 /* NotificationManager.swift in Sources */ = {isa = PBXBuildFile; fileRef = 5BF74D802D4E03E000771333 /* NotificationManager.swift */; };
		5BF74D922D4E03E000771333 /* TaskModel.swift in Sources */ = {isa = PBXBuildFile; fileRef = 5BF74D7C2D4E03E000771333 /* TaskModel.swift */; };
		5BF74D932D4E03E000771333 /* NewReminderView.swift in Sources */ = {isa = PBXBuildFile; fileRef = 5BF74D842D4E03E000771333 /* NewReminderView.swift */; };
		5BF74D942D4E03E000771333 /* ReminderRowView.swift in Sources */ = {isa = PBXBuildFile; fileRef = 5BF74D852D4E03E000771333 /* ReminderRowView.swift */; };
		5BF74D952D4E03E000771333 /* RemindersApp.swift in Sources */ = {isa = PBXBuildFile; fileRef = 5BF74D8B2D4E03E000771333 /* RemindersApp.swift */; };
		5BF74D962D4E03E000771333 /* ReminderSearchView.swift in Sources */ = {isa = PBXBuildFile; fileRef = 5BF74D862D4E03E000771333 /* ReminderSearchView.swift */; };
		5BF74D972D4E03E000771333 /* ReminderListView.swift in Sources */ = {isa = PBXBuildFile; fileRef = 5BF74D882D4E03E000771333 /* ReminderListView.swift */; };
		5BF74D982D4E03E000771333 /* Preview Assets.xcassets in Resources */ = {isa = PBXBuildFile; fileRef = 5BF74D7E2D4E03E000771333 /* Preview Assets.xcassets */; };
		5BF74D992D4E03E000771333 /* Assets.xcassets in Resources */ = {isa = PBXBuildFile; fileRef = 5BF74D8A2D4E03E000771333 /* Assets.xcassets */; };
		5BF74D9C2D4E03E800771333 /* RemindersTests.swift in Sources */ = {isa = PBXBuildFile; fileRef = 5BF74D9A2D4E03E800771333 /* RemindersTests.swift */; };
		5BF74DA02D4E03EF00771333 /* RemindersUITests.swift in Sources */ = {isa = PBXBuildFile; fileRef = 5BF74D9D2D4E03EF00771333 /* RemindersUITests.swift */; };
		5BF74DA12D4E03EF00771333 /* RemindersUITestsLaunchTests.swift in Sources */ = {isa = PBXBuildFile; fileRef = 5BF74D9E2D4E03EF00771333 /* RemindersUITestsLaunchTests.swift */; };
/* End PBXBuildFile section */

/* Begin PBXContainerItemProxy section */
		5B7D7DB12D3D359900FC6BC6 /* PBXContainerItemProxy */ = {
			isa = PBXContainerItemProxy;
			containerPortal = 5B7D7D932D3D359700FC6BC6 /* Project object */;
			proxyType = 1;
			remoteGlobalIDString = 5B7D7D9A2D3D359700FC6BC6;
			remoteInfo = ToDoApp;
		};
		5B7D7DBB2D3D359900FC6BC6 /* PBXContainerItemProxy */ = {
			isa = PBXContainerItemProxy;
			containerPortal = 5B7D7D932D3D359700FC6BC6 /* Project object */;
			proxyType = 1;
			remoteGlobalIDString = 5B7D7D9A2D3D359700FC6BC6;
			remoteInfo = ToDoApp;
		};
/* End PBXContainerItemProxy section */

/* Begin PBXFileReference section */
		5B7D7D9B2D3D359700FC6BC6 /* Reminders.app */ = {isa = PBXFileReference; explicitFileType = wrapper.application; includeInIndex = 0; path = Reminders.app; sourceTree = BUILT_PRODUCTS_DIR; };
		5B7D7DB02D3D359900FC6BC6 /* RemindersTests.xctest */ = {isa = PBXFileReference; explicitFileType = wrapper.cfbundle; includeInIndex = 0; path = RemindersTests.xctest; sourceTree = BUILT_PRODUCTS_DIR; };
		5B7D7DBA2D3D359900FC6BC6 /* RemindersUITests.xctest */ = {isa = PBXFileReference; explicitFileType = wrapper.cfbundle; includeInIndex = 0; path = RemindersUITests.xctest; sourceTree = BUILT_PRODUCTS_DIR; };
		5BF74D792D4E03E000771333 /* Persistence.swift */ = {isa = PBXFileReference; lastKnownFileType = sourcecode.swift; path = Persistence.swift; sourceTree = "<group>"; };
		5BF74D7C2D4E03E000771333 /* TaskModel.swift */ = {isa = PBXFileReference; lastKnownFileType = sourcecode.swift; path = TaskModel.swift; sourceTree = "<group>"; };
		5BF74D7E2D4E03E000771333 /* Preview Assets.xcassets */ = {isa = PBXFileReference; lastKnownFileType = folder.assetcatalog; path = "Preview Assets.xcassets"; sourceTree = "<group>"; };
		5BF74D802D4E03E000771333 /* NotificationManager.swift */ = {isa = PBXFileReference; lastKnownFileType = sourcecode.swift; path = NotificationManager.swift; sourceTree = "<group>"; };
		5BF74D822D4E03E000771333 /* ReminderViewModel.swift */ = {isa = PBXFileReference; lastKnownFileType = sourcecode.swift; path = ReminderViewModel.swift; sourceTree = "<group>"; };
		5BF74D842D4E03E000771333 /* NewReminderView.swift */ = {isa = PBXFileReference; lastKnownFileType = sourcecode.swift; path = NewReminderView.swift; sourceTree = "<group>"; };
		5BF74D852D4E03E000771333 /* ReminderRowView.swift */ = {isa = PBXFileReference; lastKnownFileType = sourcecode.swift; path = ReminderRowView.swift; sourceTree = "<group>"; };
		5BF74D862D4E03E000771333 /* ReminderSearchView.swift */ = {isa = PBXFileReference; lastKnownFileType = sourcecode.swift; path = ReminderSearchView.swift; sourceTree = "<group>"; };
		5BF74D882D4E03E000771333 /* ReminderListView.swift */ = {isa = PBXFileReference; lastKnownFileType = sourcecode.swift; path = ReminderListView.swift; sourceTree = "<group>"; };
		5BF74D8A2D4E03E000771333 /* Assets.xcassets */ = {isa = PBXFileReference; lastKnownFileType = folder.assetcatalog; path = Assets.xcassets; sourceTree = "<group>"; };
		5BF74D8B2D4E03E000771333 /* RemindersApp.swift */ = {isa = PBXFileReference; lastKnownFileType = sourcecode.swift; path = RemindersApp.swift; sourceTree = "<group>"; };
		5BF74D8D2D4E03E000771333 /* Reminders.xcdatamodel */ = {isa = PBXFileReference; lastKnownFileType = wrapper.xcdatamodel; path = Reminders.xcdatamodel; sourceTree = "<group>"; };
		5BF74D9A2D4E03E800771333 /* RemindersTests.swift */ = {isa = PBXFileReference; lastKnownFileType = sourcecode.swift; path = RemindersTests.swift; sourceTree = "<group>"; };
		5BF74D9D2D4E03EF00771333 /* RemindersUITests.swift */ = {isa = PBXFileReference; lastKnownFileType = sourcecode.swift; path = RemindersUITests.swift; sourceTree = "<group>"; };
		5BF74D9E2D4E03EF00771333 /* RemindersUITestsLaunchTests.swift */ = {isa = PBXFileReference; lastKnownFileType = sourcecode.swift; path = RemindersUITestsLaunchTests.swift; sourceTree = "<group>"; };
/* End PBXFileReference section */

/* Begin PBXFrameworksBuildPhase section */
		5B7D7D982D3D359700FC6BC6 /* Frameworks */ = {
			isa = PBXFrameworksBuildPhase;
			buildActionMask = 2147483647;
			files = (
			);
			runOnlyForDeploymentPostprocessing = 0;
		};
		5B7D7DAD2D3D359900FC6BC6 /* Frameworks */ = {
			isa = PBXFrameworksBuildPhase;
			buildActionMask = 2147483647;
			files = (
			);
			runOnlyForDeploymentPostprocessing = 0;
		};
		5B7D7DB72D3D359900FC6BC6 /* Frameworks */ = {
			isa = PBXFrameworksBuildPhase;
			buildActionMask = 2147483647;
			files = (
			);
			runOnlyForDeploymentPostprocessing = 0;
		};
/* End PBXFrameworksBuildPhase section */

/* Begin PBXGroup section */
		5B7D7D922D3D359700FC6BC6 = {
			isa = PBXGroup;
			children = (
				5BF74D8C2D4E03E000771333 /* Reminders */,
				5BF74D9B2D4E03E800771333 /* RemindersTests */,
				5BF74D9F2D4E03EF00771333 /* RemindersUITests */,
				5B7D7D9C2D3D359700FC6BC6 /* Products */,
			);
			sourceTree = "<group>";
		};
		5B7D7D9C2D3D359700FC6BC6 /* Products */ = {
			isa = PBXGroup;
			children = (
				5B7D7D9B2D3D359700FC6BC6 /* Reminders.app */,
				5B7D7DB02D3D359900FC6BC6 /* RemindersTests.xctest */,
				5B7D7DBA2D3D359900FC6BC6 /* RemindersUITests.xctest */,
			);
			name = Products;
			sourceTree = "<group>";
		};
		5BF74D7B2D4E03E000771333 /* CoreData */ = {
			isa = PBXGroup;
			children = (
				5BF74D792D4E03E000771333 /* Persistence.swift */,
				5BF74D7A2D4E03E000771333 /* Reminders.xcdatamodeld */,
			);
			path = CoreData;
			sourceTree = "<group>";
		};
		5BF74D7D2D4E03E000771333 /* Models */ = {
			isa = PBXGroup;
			children = (
				5BF74D7C2D4E03E000771333 /* TaskModel.swift */,
			);
			path = Models;
			sourceTree = "<group>";
		};
		5BF74D7F2D4E03E000771333 /* Preview Content */ = {
			isa = PBXGroup;
			children = (
				5BF74D7E2D4E03E000771333 /* Preview Assets.xcassets */,
			);
			path = "Preview Content";
			sourceTree = "<group>";
		};
		5BF74D812D4E03E000771333 /* Utilities */ = {
			isa = PBXGroup;
			children = (
				5BF74D802D4E03E000771333 /* NotificationManager.swift */,
			);
			path = Utilities;
			sourceTree = "<group>";
		};
		5BF74D832D4E03E000771333 /* ViewModels */ = {
			isa = PBXGroup;
			children = (
				5BF74D822D4E03E000771333 /* ReminderViewModel.swift */,
			);
			path = ViewModels;
			sourceTree = "<group>";
		};
		5BF74D872D4E03E000771333 /* Components */ = {
			isa = PBXGroup;
			children = (
				5BF74D842D4E03E000771333 /* NewReminderView.swift */,
				5BF74D852D4E03E000771333 /* ReminderRowView.swift */,
				5BF74D862D4E03E000771333 /* ReminderSearchView.swift */,
			);
			path = Components;
			sourceTree = "<group>";
		};
		5BF74D892D4E03E000771333 /* Views */ = {
			isa = PBXGroup;
			children = (
				5BF74D872D4E03E000771333 /* Components */,
				5BF74D882D4E03E000771333 /* ReminderListView.swift */,
			);
			path = Views;
			sourceTree = "<group>";
		};
		5BF74D8C2D4E03E000771333 /* Reminders */ = {
			isa = PBXGroup;
			children = (
				5BF74D7B2D4E03E000771333 /* CoreData */,
				5BF74D7D2D4E03E000771333 /* Models */,
				5BF74D7F2D4E03E000771333 /* Preview Content */,
				5BF74D812D4E03E000771333 /* Utilities */,
				5BF74D832D4E03E000771333 /* ViewModels */,
				5BF74D892D4E03E000771333 /* Views */,
				5BF74D8A2D4E03E000771333 /* Assets.xcassets */,
				5BF74D8B2D4E03E000771333 /* RemindersApp.swift */,
			);
			path = Reminders;
			sourceTree = "<group>";
		};
		5BF74D9B2D4E03E800771333 /* RemindersTests */ = {
			isa = PBXGroup;
			children = (
				5BF74D9A2D4E03E800771333 /* RemindersTests.swift */,
			);
			path = RemindersTests;
			sourceTree = "<group>";
		};
		5BF74D9F2D4E03EF00771333 /* RemindersUITests */ = {
			isa = PBXGroup;
			children = (
				5BF74D9D2D4E03EF00771333 /* RemindersUITests.swift */,
				5BF74D9E2D4E03EF00771333 /* RemindersUITestsLaunchTests.swift */,
			);
			path = RemindersUITests;
			sourceTree = "<group>";
		};
/* End PBXGroup section */

/* Begin PBXNativeTarget section */
		5B7D7D9A2D3D359700FC6BC6 /* Reminders */ = {
			isa = PBXNativeTarget;
			buildConfigurationList = 5B7D7DC42D3D359900FC6BC6 /* Build configuration list for PBXNativeTarget "Reminders" */;
			buildPhases = (
				5B7D7D972D3D359700FC6BC6 /* Sources */,
				5B7D7D982D3D359700FC6BC6 /* Frameworks */,
				5B7D7D992D3D359700FC6BC6 /* Resources */,
			);
			buildRules = (
			);
			dependencies = (
			);
			name = Reminders;
			packageProductDependencies = (
			);
			productName = ToDoApp;
			productReference = 5B7D7D9B2D3D359700FC6BC6 /* Reminders.app */;
			productType = "com.apple.product-type.application";
		};
		5B7D7DAF2D3D359900FC6BC6 /* RemindersTests */ = {
			isa = PBXNativeTarget;
			buildConfigurationList = 5B7D7DC72D3D359900FC6BC6 /* Build configuration list for PBXNativeTarget "RemindersTests" */;
			buildPhases = (
				5B7D7DAC2D3D359900FC6BC6 /* Sources */,
				5B7D7DAD2D3D359900FC6BC6 /* Frameworks */,
				5B7D7DAE2D3D359900FC6BC6 /* Resources */,
			);
			buildRules = (
			);
			dependencies = (
				5B7D7DB22D3D359900FC6BC6 /* PBXTargetDependency */,
			);
			name = RemindersTests;
			packageProductDependencies = (
			);
			productName = ToDoAppTests;
			productReference = 5B7D7DB02D3D359900FC6BC6 /* RemindersTests.xctest */;
			productType = "com.apple.product-type.bundle.unit-test";
		};
		5B7D7DB92D3D359900FC6BC6 /* RemindersUITests */ = {
			isa = PBXNativeTarget;
			buildConfigurationList = 5B7D7DCA2D3D359900FC6BC6 /* Build configuration list for PBXNativeTarget "RemindersUITests" */;
			buildPhases = (
				5B7D7DB62D3D359900FC6BC6 /* Sources */,
				5B7D7DB72D3D359900FC6BC6 /* Frameworks */,
				5B7D7DB82D3D359900FC6BC6 /* Resources */,
			);
			buildRules = (
			);
			dependencies = (
				5B7D7DBC2D3D359900FC6BC6 /* PBXTargetDependency */,
			);
			name = RemindersUITests;
			packageProductDependencies = (
			);
			productName = ToDoAppUITests;
			productReference = 5B7D7DBA2D3D359900FC6BC6 /* RemindersUITests.xctest */;
			productType = "com.apple.product-type.bundle.ui-testing";
		};
/* End PBXNativeTarget section */

/* Begin PBXProject section */
		5B7D7D932D3D359700FC6BC6 /* Project object */ = {
			isa = PBXProject;
			attributes = {
				BuildIndependentTargetsInParallel = 1;
				LastSwiftUpdateCheck = 1610;
				LastUpgradeCheck = 1610;
				TargetAttributes = {
					5B7D7D9A2D3D359700FC6BC6 = {
						CreatedOnToolsVersion = 16.1;
					};
					5B7D7DAF2D3D359900FC6BC6 = {
						CreatedOnToolsVersion = 16.1;
						TestTargetID = 5B7D7D9A2D3D359700FC6BC6;
					};
					5B7D7DB92D3D359900FC6BC6 = {
						CreatedOnToolsVersion = 16.1;
						TestTargetID = 5B7D7D9A2D3D359700FC6BC6;
					};
				};
			};
			buildConfigurationList = 5B7D7D962D3D359700FC6BC6 /* Build configuration list for PBXProject "Reminders" */;
			developmentRegion = en;
			hasScannedForEncodings = 0;
			knownRegions = (
				en,
				Base,
			);
			mainGroup = 5B7D7D922D3D359700FC6BC6;
			minimizedProjectReferenceProxies = 1;
			preferredProjectObjectVersion = 77;
			productRefGroup = 5B7D7D9C2D3D359700FC6BC6 /* Products */;
			projectDirPath = "";
			projectRoot = "";
			targets = (
				5B7D7D9A2D3D359700FC6BC6 /* Reminders */,
				5B7D7DAF2D3D359900FC6BC6 /* RemindersTests */,
				5B7D7DB92D3D359900FC6BC6 /* RemindersUITests */,
			);
		};
/* End PBXProject section */

/* Begin PBXResourcesBuildPhase section */
		5B7D7D992D3D359700FC6BC6 /* Resources */ = {
			isa = PBXResourcesBuildPhase;
			buildActionMask = 2147483647;
			files = (
				5BF74D982D4E03E000771333 /* Preview Assets.xcassets in Resources */,
				5BF74D992D4E03E000771333 /* Assets.xcassets in Resources */,
			);
			runOnlyForDeploymentPostprocessing = 0;
		};
		5B7D7DAE2D3D359900FC6BC6 /* Resources */ = {
			isa = PBXResourcesBuildPhase;
			buildActionMask = 2147483647;
			files = (
			);
			runOnlyForDeploymentPostprocessing = 0;
		};
		5B7D7DB82D3D359900FC6BC6 /* Resources */ = {
			isa = PBXResourcesBuildPhase;
			buildActionMask = 2147483647;
			files = (
			);
			runOnlyForDeploymentPostprocessing = 0;
		};
/* End PBXResourcesBuildPhase section */

/* Begin PBXSourcesBuildPhase section */
		5B7D7D972D3D359700FC6BC6 /* Sources */ = {
			isa = PBXSourcesBuildPhase;
			buildActionMask = 2147483647;
			files = (
				5BF74D8E2D4E03E000771333 /* ReminderViewModel.swift in Sources */,
				5BF74D8F2D4E03E000771333 /* Reminders.xcdatamodeld in Sources */,
				5BF74D902D4E03E000771333 /* Persistence.swift in Sources */,
				5BF74D912D4E03E000771333 /* NotificationManager.swift in Sources */,
				5BF74D922D4E03E000771333 /* TaskModel.swift in Sources */,
				5BF74D932D4E03E000771333 /* NewReminderView.swift in Sources */,
				5BF74D942D4E03E000771333 /* ReminderRowView.swift in Sources */,
				5BF74D952D4E03E000771333 /* RemindersApp.swift in Sources */,
				5BF74D962D4E03E000771333 /* ReminderSearchView.swift in Sources */,
				5BF74D972D4E03E000771333 /* ReminderListView.swift in Sources */,
			);
			runOnlyForDeploymentPostprocessing = 0;
		};
		5B7D7DAC2D3D359900FC6BC6 /* Sources */ = {
			isa = PBXSourcesBuildPhase;
			buildActionMask = 2147483647;
			files = (
				5BF74D9C2D4E03E800771333 /* RemindersTests.swift in Sources */,
			);
			runOnlyForDeploymentPostprocessing = 0;
		};
		5B7D7DB62D3D359900FC6BC6 /* Sources */ = {
			isa = PBXSourcesBuildPhase;
			buildActionMask = 2147483647;
			files = (
				5BF74DA02D4E03EF00771333 /* RemindersUITests.swift in Sources */,
				5BF74DA12D4E03EF00771333 /* RemindersUITestsLaunchTests.swift in Sources */,
			);
			runOnlyForDeploymentPostprocessing = 0;
		};
/* End PBXSourcesBuildPhase section */

/* Begin PBXTargetDependency section */
		5B7D7DB22D3D359900FC6BC6 /* PBXTargetDependency */ = {
			isa = PBXTargetDependency;
			target = 5B7D7D9A2D3D359700FC6BC6 /* Reminders */;
			targetProxy = 5B7D7DB12D3D359900FC6BC6 /* PBXContainerItemProxy */;
		};
		5B7D7DBC2D3D359900FC6BC6 /* PBXTargetDependency */ = {
			isa = PBXTargetDependency;
			target = 5B7D7D9A2D3D359700FC6BC6 /* Reminders */;
			targetProxy = 5B7D7DBB2D3D359900FC6BC6 /* PBXContainerItemProxy */;
		};
/* End PBXTargetDependency section */

/* Begin XCBuildConfiguration section */
		5B7D7DC22D3D359900FC6BC6 /* Debug */ = {
			isa = XCBuildConfiguration;
			buildSettings = {
				ALWAYS_SEARCH_USER_PATHS = NO;
				ASSETCATALOG_COMPILER_GENERATE_SWIFT_ASSET_SYMBOL_EXTENSIONS = YES;
				CLANG_ANALYZER_NONNULL = YES;
				CLANG_ANALYZER_NUMBER_OBJECT_CONVERSION = YES_AGGRESSIVE;
				CLANG_CXX_LANGUAGE_STANDARD = "gnu++20";
				CLANG_ENABLE_MODULES = YES;
				CLANG_ENABLE_OBJC_ARC = YES;
				CLANG_ENABLE_OBJC_WEAK = YES;
				CLANG_WARN_BLOCK_CAPTURE_AUTORELEASING = YES;
				CLANG_WARN_BOOL_CONVERSION = YES;
				CLANG_WARN_COMMA = YES;
				CLANG_WARN_CONSTANT_CONVERSION = YES;
				CLANG_WARN_DEPRECATED_OBJC_IMPLEMENTATIONS = YES;
				CLANG_WARN_DIRECT_OBJC_ISA_USAGE = YES_ERROR;
				CLANG_WARN_DOCUMENTATION_COMMENTS = YES;
				CLANG_WARN_EMPTY_BODY = YES;
				CLANG_WARN_ENUM_CONVERSION = YES;
				CLANG_WARN_INFINITE_RECURSION = YES;
				CLANG_WARN_INT_CONVERSION = YES;
				CLANG_WARN_NON_LITERAL_NULL_CONVERSION = YES;
				CLANG_WARN_OBJC_IMPLICIT_RETAIN_SELF = YES;
				CLANG_WARN_OBJC_LITERAL_CONVERSION = YES;
				CLANG_WARN_OBJC_ROOT_CLASS = YES_ERROR;
				CLANG_WARN_QUOTED_INCLUDE_IN_FRAMEWORK_HEADER = YES;
				CLANG_WARN_RANGE_LOOP_ANALYSIS = YES;
				CLANG_WARN_STRICT_PROTOTYPES = YES;
				CLANG_WARN_SUSPICIOUS_MOVE = YES;
				CLANG_WARN_UNGUARDED_AVAILABILITY = YES_AGGRESSIVE;
				CLANG_WARN_UNREACHABLE_CODE = YES;
				CLANG_WARN__DUPLICATE_METHOD_MATCH = YES;
				COPY_PHASE_STRIP = NO;
				DEBUG_INFORMATION_FORMAT = dwarf;
				ENABLE_STRICT_OBJC_MSGSEND = YES;
				ENABLE_TESTABILITY = YES;
				ENABLE_USER_SCRIPT_SANDBOXING = YES;
				GCC_C_LANGUAGE_STANDARD = gnu17;
				GCC_DYNAMIC_NO_PIC = NO;
				GCC_NO_COMMON_BLOCKS = YES;
				GCC_OPTIMIZATION_LEVEL = 0;
				GCC_PREPROCESSOR_DEFINITIONS = (
					"DEBUG=1",
					"$(inherited)",
				);
				GCC_WARN_64_TO_32_BIT_CONVERSION = YES;
				GCC_WARN_ABOUT_RETURN_TYPE = YES_ERROR;
				GCC_WARN_UNDECLARED_SELECTOR = YES;
				GCC_WARN_UNINITIALIZED_AUTOS = YES_AGGRESSIVE;
				GCC_WARN_UNUSED_FUNCTION = YES;
				GCC_WARN_UNUSED_VARIABLE = YES;
				IPHONEOS_DEPLOYMENT_TARGET = 18.1;
				LOCALIZATION_PREFERS_STRING_CATALOGS = YES;
				MTL_ENABLE_DEBUG_INFO = INCLUDE_SOURCE;
				MTL_FAST_MATH = YES;
				ONLY_ACTIVE_ARCH = YES;
				SDKROOT = iphoneos;
				SWIFT_ACTIVE_COMPILATION_CONDITIONS = "DEBUG $(inherited)";
				SWIFT_OPTIMIZATION_LEVEL = "-Onone";
			};
			name = Debug;
		};
		5B7D7DC32D3D359900FC6BC6 /* Release */ = {
			isa = XCBuildConfiguration;
			buildSettings = {
				ALWAYS_SEARCH_USER_PATHS = NO;
				ASSETCATALOG_COMPILER_GENERATE_SWIFT_ASSET_SYMBOL_EXTENSIONS = YES;
				CLANG_ANALYZER_NONNULL = YES;
				CLANG_ANALYZER_NUMBER_OBJECT_CONVERSION = YES_AGGRESSIVE;
				CLANG_CXX_LANGUAGE_STANDARD = "gnu++20";
				CLANG_ENABLE_MODULES = YES;
				CLANG_ENABLE_OBJC_ARC = YES;
				CLANG_ENABLE_OBJC_WEAK = YES;
				CLANG_WARN_BLOCK_CAPTURE_AUTORELEASING = YES;
				CLANG_WARN_BOOL_CONVERSION = YES;
				CLANG_WARN_COMMA = YES;
				CLANG_WARN_CONSTANT_CONVERSION = YES;
				CLANG_WARN_DEPRECATED_OBJC_IMPLEMENTATIONS = YES;
				CLANG_WARN_DIRECT_OBJC_ISA_USAGE = YES_ERROR;
				CLANG_WARN_DOCUMENTATION_COMMENTS = YES;
				CLANG_WARN_EMPTY_BODY = YES;
				CLANG_WARN_ENUM_CONVERSION = YES;
				CLANG_WARN_INFINITE_RECURSION = YES;
				CLANG_WARN_INT_CONVERSION = YES;
				CLANG_WARN_NON_LITERAL_NULL_CONVERSION = YES;
				CLANG_WARN_OBJC_IMPLICIT_RETAIN_SELF = YES;
				CLANG_WARN_OBJC_LITERAL_CONVERSION = YES;
				CLANG_WARN_OBJC_ROOT_CLASS = YES_ERROR;
				CLANG_WARN_QUOTED_INCLUDE_IN_FRAMEWORK_HEADER = YES;
				CLANG_WARN_RANGE_LOOP_ANALYSIS = YES;
				CLANG_WARN_STRICT_PROTOTYPES = YES;
				CLANG_WARN_SUSPICIOUS_MOVE = YES;
				CLANG_WARN_UNGUARDED_AVAILABILITY = YES_AGGRESSIVE;
				CLANG_WARN_UNREACHABLE_CODE = YES;
				CLANG_WARN__DUPLICATE_METHOD_MATCH = YES;
				COPY_PHASE_STRIP = NO;
				DEBUG_INFORMATION_FORMAT = "dwarf-with-dsym";
				ENABLE_NS_ASSERTIONS = NO;
				ENABLE_STRICT_OBJC_MSGSEND = YES;
				ENABLE_USER_SCRIPT_SANDBOXING = YES;
				GCC_C_LANGUAGE_STANDARD = gnu17;
				GCC_NO_COMMON_BLOCKS = YES;
				GCC_WARN_64_TO_32_BIT_CONVERSION = YES;
				GCC_WARN_ABOUT_RETURN_TYPE = YES_ERROR;
				GCC_WARN_UNDECLARED_SELECTOR = YES;
				GCC_WARN_UNINITIALIZED_AUTOS = YES_AGGRESSIVE;
				GCC_WARN_UNUSED_FUNCTION = YES;
				GCC_WARN_UNUSED_VARIABLE = YES;
				IPHONEOS_DEPLOYMENT_TARGET = 18.1;
				LOCALIZATION_PREFERS_STRING_CATALOGS = YES;
				MTL_ENABLE_DEBUG_INFO = NO;
				MTL_FAST_MATH = YES;
				SDKROOT = iphoneos;
				SWIFT_COMPILATION_MODE = wholemodule;
				VALIDATE_PRODUCT = YES;
			};
			name = Release;
		};
		5B7D7DC52D3D359900FC6BC6 /* Debug */ = {
			isa = XCBuildConfiguration;
			buildSettings = {
				ASSETCATALOG_COMPILER_APPICON_NAME = AppIcon;
				ASSETCATALOG_COMPILER_GLOBAL_ACCENT_COLOR_NAME = AccentColor;
				CODE_SIGN_STYLE = Automatic;
				CURRENT_PROJECT_VERSION = 1;
				DEVELOPMENT_ASSET_PATHS = "\"Reminders/Preview Content\"";
				DEVELOPMENT_TEAM = M99V4Y6J3G;
				ENABLE_PREVIEWS = YES;
				GENERATE_INFOPLIST_FILE = YES;
				INFOPLIST_KEY_CFBundleDisplayName = Reminders;
				INFOPLIST_KEY_LSApplicationCategoryType = "public.app-category.productivity";
				INFOPLIST_KEY_UIApplicationSceneManifest_Generation = YES;
				INFOPLIST_KEY_UIApplicationSupportsIndirectInputEvents = YES;
				INFOPLIST_KEY_UILaunchScreen_Generation = YES;
				INFOPLIST_KEY_UISupportedInterfaceOrientations_iPad = "UIInterfaceOrientationPortrait UIInterfaceOrientationPortraitUpsideDown UIInterfaceOrientationLandscapeLeft UIInterfaceOrientationLandscapeRight";
				INFOPLIST_KEY_UISupportedInterfaceOrientations_iPhone = "UIInterfaceOrientationPortrait UIInterfaceOrientationLandscapeLeft UIInterfaceOrientationLandscapeRight";
				LD_RUNPATH_SEARCH_PATHS = (
					"$(inherited)",
					"@executable_path/Frameworks",
				);
				MARKETING_VERSION = 1.0;
				PRODUCT_BUNDLE_IDENTIFIER = com.reminders;
				PRODUCT_NAME = "$(TARGET_NAME)";
				SWIFT_EMIT_LOC_STRINGS = YES;
				SWIFT_VERSION = 5.0;
				TARGETED_DEVICE_FAMILY = "1,2";
			};
			name = Debug;
		};
		5B7D7DC62D3D359900FC6BC6 /* Release */ = {
			isa = XCBuildConfiguration;
			buildSettings = {
				ASSETCATALOG_COMPILER_APPICON_NAME = AppIcon;
				ASSETCATALOG_COMPILER_GLOBAL_ACCENT_COLOR_NAME = AccentColor;
				CODE_SIGN_STYLE = Automatic;
				CURRENT_PROJECT_VERSION = 1;
				DEVELOPMENT_ASSET_PATHS = "\"Reminders/Preview Content\"";
				DEVELOPMENT_TEAM = M99V4Y6J3G;
				ENABLE_PREVIEWS = YES;
				GENERATE_INFOPLIST_FILE = YES;
				INFOPLIST_KEY_CFBundleDisplayName = Reminders;
				INFOPLIST_KEY_LSApplicationCategoryType = "public.app-category.productivity";
				INFOPLIST_KEY_UIApplicationSceneManifest_Generation = YES;
				INFOPLIST_KEY_UIApplicationSupportsIndirectInputEvents = YES;
				INFOPLIST_KEY_UILaunchScreen_Generation = YES;
				INFOPLIST_KEY_UISupportedInterfaceOrientations_iPad = "UIInterfaceOrientationPortrait UIInterfaceOrientationPortraitUpsideDown UIInterfaceOrientationLandscapeLeft UIInterfaceOrientationLandscapeRight";
				INFOPLIST_KEY_UISupportedInterfaceOrientations_iPhone = "UIInterfaceOrientationPortrait UIInterfaceOrientationLandscapeLeft UIInterfaceOrientationLandscapeRight";
				LD_RUNPATH_SEARCH_PATHS = (
					"$(inherited)",
					"@executable_path/Frameworks",
				);
				MARKETING_VERSION = 1.0;
				PRODUCT_BUNDLE_IDENTIFIER = com.reminders;
				PRODUCT_NAME = "$(TARGET_NAME)";
				SWIFT_EMIT_LOC_STRINGS = YES;
				SWIFT_VERSION = 5.0;
				TARGETED_DEVICE_FAMILY = "1,2";
			};
			name = Release;
		};
		5B7D7DC82D3D359900FC6BC6 /* Debug */ = {
			isa = XCBuildConfiguration;
			buildSettings = {
				BUNDLE_LOADER = "$(TEST_HOST)";
				CODE_SIGN_STYLE = Automatic;
				CURRENT_PROJECT_VERSION = 1;
				DEVELOPMENT_TEAM = M99V4Y6J3G;
				GENERATE_INFOPLIST_FILE = YES;
				IPHONEOS_DEPLOYMENT_TARGET = 18.1;
				MARKETING_VERSION = 1.0;
				PRODUCT_BUNDLE_IDENTIFIER = com.ToDoAppTests;
				PRODUCT_NAME = "$(TARGET_NAME)";
				SWIFT_EMIT_LOC_STRINGS = NO;
				SWIFT_VERSION = 5.0;
				TARGETED_DEVICE_FAMILY = "1,2";
				TEST_HOST = "$(BUILT_PRODUCTS_DIR)/Reminders.app/$(BUNDLE_EXECUTABLE_FOLDER_PATH)/Reminders";
			};
			name = Debug;
		};
		5B7D7DC92D3D359900FC6BC6 /* Release */ = {
			isa = XCBuildConfiguration;
			buildSettings = {
				BUNDLE_LOADER = "$(TEST_HOST)";
				CODE_SIGN_STYLE = Automatic;
				CURRENT_PROJECT_VERSION = 1;
				DEVELOPMENT_TEAM = M99V4Y6J3G;
				GENERATE_INFOPLIST_FILE = YES;
				IPHONEOS_DEPLOYMENT_TARGET = 18.1;
				MARKETING_VERSION = 1.0;
				PRODUCT_BUNDLE_IDENTIFIER = com.ToDoAppTests;
				PRODUCT_NAME = "$(TARGET_NAME)";
				SWIFT_EMIT_LOC_STRINGS = NO;
				SWIFT_VERSION = 5.0;
				TARGETED_DEVICE_FAMILY = "1,2";
				TEST_HOST = "$(BUILT_PRODUCTS_DIR)/Reminders.app/$(BUNDLE_EXECUTABLE_FOLDER_PATH)/Reminders";
			};
			name = Release;
		};
		5B7D7DCB2D3D359900FC6BC6 /* Debug */ = {
			isa = XCBuildConfiguration;
			buildSettings = {
				CODE_SIGN_STYLE = Automatic;
				CURRENT_PROJECT_VERSION = 1;
				DEVELOPMENT_TEAM = M99V4Y6J3G;
				GENERATE_INFOPLIST_FILE = YES;
				MARKETING_VERSION = 1.0;
				PRODUCT_BUNDLE_IDENTIFIER = com.ToDoAppUITests;
				PRODUCT_NAME = "$(TARGET_NAME)";
				SWIFT_EMIT_LOC_STRINGS = NO;
				SWIFT_VERSION = 5.0;
				TARGETED_DEVICE_FAMILY = "1,2";
				TEST_TARGET_NAME = ToDoApp;
			};
			name = Debug;
		};
		5B7D7DCC2D3D359900FC6BC6 /* Release */ = {
			isa = XCBuildConfiguration;
			buildSettings = {
				CODE_SIGN_STYLE = Automatic;
				CURRENT_PROJECT_VERSION = 1;
				DEVELOPMENT_TEAM = M99V4Y6J3G;
				GENERATE_INFOPLIST_FILE = YES;
				MARKETING_VERSION = 1.0;
				PRODUCT_BUNDLE_IDENTIFIER = com.ToDoAppUITests;
				PRODUCT_NAME = "$(TARGET_NAME)";
				SWIFT_EMIT_LOC_STRINGS = NO;
				SWIFT_VERSION = 5.0;
				TARGETED_DEVICE_FAMILY = "1,2";
				TEST_TARGET_NAME = ToDoApp;
			};
			name = Release;
		};
/* End XCBuildConfiguration section */

/* Begin XCConfigurationList section */
		5B7D7D962D3D359700FC6BC6 /* Build configuration list for PBXProject "Reminders" */ = {
			isa = XCConfigurationList;
			buildConfigurations = (
				5B7D7DC22D3D359900FC6BC6 /* Debug */,
				5B7D7DC32D3D359900FC6BC6 /* Release */,
			);
			defaultConfigurationIsVisible = 0;
			defaultConfigurationName = Release;
		};
		5B7D7DC42D3D359900FC6BC6 /* Build configuration list for PBXNativeTarget "Reminders" */ = {
			isa = XCConfigurationList;
			buildConfigurations = (
				5B7D7DC52D3D359900FC6BC6 /* Debug */,
				5B7D7DC62D3D359900FC6BC6 /* Release */,
			);
			defaultConfigurationIsVisible = 0;
			defaultConfigurationName = Release;
		};
		5B7D7DC72D3D359900FC6BC6 /* Build configuration list for PBXNativeTarget "RemindersTests" */ = {
			isa = XCConfigurationList;
			buildConfigurations = (
				5B7D7DC82D3D359900FC6BC6 /* Debug */,
				5B7D7DC92D3D359900FC6BC6 /* Release */,
			);
			defaultConfigurationIsVisible = 0;
			defaultConfigurationName = Release;
		};
		5B7D7DCA2D3D359900FC6BC6 /* Build configuration list for PBXNativeTarget "RemindersUITests" */ = {
			isa = XCConfigurationList;
			buildConfigurations = (
				5B7D7DCB2D3D359900FC6BC6 /* Debug */,
				5B7D7DCC2D3D359900FC6BC6 /* Release */,
			);
			defaultConfigurationIsVisible = 0;
			defaultConfigurationName = Release;
		};
/* End XCConfigurationList section */

/* Begin XCVersionGroup section */
		5BF74D7A2D4E03E000771333 /* Reminders.xcdatamodeld */ = {
			isa = XCVersionGroup;
			children = (
				5BF74D8D2D4E03E000771333 /* Reminders.xcdatamodel */,
			);
			currentVersion = 5BF74D8D2D4E03E000771333 /* Reminders.xcdatamodel */;
			path = Reminders.xcdatamodeld;
			sourceTree = "<group>";
			versionGroupType = wrapper.xcdatamodel;
		};
/* End XCVersionGroup section */
	};
	rootObject = 5B7D7D932D3D359700FC6BC6 /* Project object */;
}
